
Microsoft Visual Studio Solution File, Format Version 12.00
# Visual Studio 14
VisualStudioVersion = 14.0.25420.1
MinimumVisualStudioVersion = 10.0.40219.1
Project("{FAE04EC0-301F-11D3-BF4B-00C04F79EFBC}") = "Extractor", "Extractor\Extractor.csproj", "{8CA80697-6D9E-42E8-AD71-83C7AAA83304}"
EndProject
Project("{FAE04EC0-301F-11D3-BF4B-00C04F79EFBC}") = "Extractor.Tests", "Extractor.Tests\Extractor.Tests.csproj", "{C6CD64C7-30E6-434A-8187-45471000DF4E}"
EndProject
Global
	GlobalSection(SolutionConfigurationPlatforms) = preSolution
		Debug|Any CPU = Debug|Any CPU
		Release|Any CPU = Release|Any CPU
	EndGlobalSection
	GlobalSection(ProjectConfigurationPlatforms) = postSolution
		{8CA80697-6D9E-42E8-AD71-83C7AAA83304}.Debug|Any CPU.ActiveCfg = Debug|Any CPU
		{8CA80697-6D9E-42E8-AD71-83C7AAA83304}.Debug|Any CPU.Build.0 = Debug|Any CPU
		{8CA80697-6D9E-42E8-AD71-83C7AAA83304}.Release|Any CPU.ActiveCfg = Release|Any CPU
		{8CA80697-6D9E-42E8-AD71-83C7AAA83304}.Release|Any CPU.Build.0 = Release|Any CPU
		{C6CD64C7-30E6-434A-8187-45471000DF4E}.Debug|Any CPU.ActiveCfg = Debug|Any CPU
		{C6CD64C7-30E6-434A-8187-45471000DF4E}.Debug|Any CPU.Build.0 = Debug|Any CPU
		{C6CD64C7-30E6-434A-8187-45471000DF4E}.Release|Any CPU.ActiveCfg = Release|Any CPU
		{C6CD64C7-30E6-434A-8187-45471000DF4E}.Release|Any CPU.Build.0 = Release|Any CPU
	EndGlobalSection
	GlobalSection(SolutionProperties) = preSolution
		HideSolutionNode = FALSE
	EndGlobalSection
EndGlobal
